
Microsoft Visual Studio Solution File, Format Version 12.00
# Visual Studio Version 17
VisualStudioVersion = 17.2.32630.192
MinimumVisualStudioVersion = 10.0.40219.1
Project("{9A19103F-16F7-4668-BE54-9A1E7A4F7556}") = "AddressBookAssignmentProblem", "AddressBookAssignmentProblem\AddressBookAssignmentProblem.csproj", "{030EC23D-4DF1-4C99-9990-81ED05085279}"
EndProject
Project("{FAE04EC0-301F-11D3-BF4B-00C04F79EFBC}") = "AddressBookTest", "AddressBookTest\AddressBookTest.csproj", "{BC26FDD5-F14F-4A4E-82F4-E630ACB5B270}"
EndProject
Global
	GlobalSection(SolutionConfigurationPlatforms) = preSolution
		Debug|Any CPU = Debug|Any CPU
		Release|Any CPU = Release|Any CPU
	EndGlobalSection
	GlobalSection(ProjectConfigurationPlatforms) = postSolution
		{030EC23D-4DF1-4C99-9990-81ED05085279}.Debug|Any CPU.ActiveCfg = Debug|Any CPU
		{030EC23D-4DF1-4C99-9990-81ED05085279}.Debug|Any CPU.Build.0 = Debug|Any CPU
		{030EC23D-4DF1-4C99-9990-81ED05085279}.Release|Any CPU.ActiveCfg = Release|Any CPU
		{030EC23D-4DF1-4C99-9990-81ED05085279}.Release|Any CPU.Build.0 = Release|Any CPU
		{BC26FDD5-F14F-4A4E-82F4-E630ACB5B270}.Debug|Any CPU.ActiveCfg = Debug|Any CPU
		{BC26FDD5-F14F-4A4E-82F4-E630ACB5B270}.Debug|Any CPU.Build.0 = Debug|Any CPU
		{BC26FDD5-F14F-4A4E-82F4-E630ACB5B270}.Release|Any CPU.ActiveCfg = Release|Any CPU
		{BC26FDD5-F14F-4A4E-82F4-E630ACB5B270}.Release|Any CPU.Build.0 = Release|Any CPU
	EndGlobalSection
	GlobalSection(SolutionProperties) = preSolution
		HideSolutionNode = FALSE
	EndGlobalSection
	GlobalSection(ExtensibilityGlobals) = postSolution
		SolutionGuid = {380323B7-04A7-4B97-90F8-2C549BF4F951}
	EndGlobalSection
EndGlobal
